
Microsoft Visual Studio Solution File, Format Version 12.00
# Visual Studio 15
VisualStudioVersion = 15.0.27130.2024
MinimumVisualStudioVersion = 10.0.40219.1
Project("{FAE04EC0-301F-11D3-BF4B-00C04F79EFBC}") = "assignment5", "assignment5\assignment5.csproj", "{BA8AE8AF-A4C2-4323-99EC-5E8A7A923CC9}"
EndProject
Global
	GlobalSection(SolutionConfigurationPlatforms) = preSolution
		Debug|Any CPU = Debug|Any CPU
		Release|Any CPU = Release|Any CPU
	EndGlobalSection
	GlobalSection(ProjectConfigurationPlatforms) = postSolution
		{BA8AE8AF-A4C2-4323-99EC-5E8A7A923CC9}.Debug|Any CPU.ActiveCfg = Debug|Any CPU
		{BA8AE8AF-A4C2-4323-99EC-5E8A7A923CC9}.Debug|Any CPU.Build.0 = Debug|Any CPU
		{BA8AE8AF-A4C2-4323-99EC-5E8A7A923CC9}.Release|Any CPU.ActiveCfg = Release|Any CPU
		{BA8AE8AF-A4C2-4323-99EC-5E8A7A923CC9}.Release|Any CPU.Build.0 = Release|Any CPU
	EndGlobalSection
	GlobalSection(SolutionProperties) = preSolution
		HideSolutionNode = FALSE
	EndGlobalSection
	GlobalSection(ExtensibilityGlobals) = postSolution
		SolutionGuid = {7FFCEABD-F877-4C3D-9CD0-62241042A66E}
	EndGlobalSection
EndGlobal
